
Microsoft Visual Studio Solution File, Format Version 12.00
# Visual Studio Version 17
VisualStudioVersion = 17.0.31903.59
MinimumVisualStudioVersion = 10.0.40219.1
Project("{2150E333-8FDC-42A3-9474-1A3956D46DE8}") = "src", "src", "{827E0CD3-B72D-47B6-A68D-7590B98EB39B}"
EndProject
Project("{2150E333-8FDC-42A3-9474-1A3956D46DE8}") = "BuildingBlocks", "BuildingBlocks", "{90298CBA-BD6F-3A0A-69D5-97CAD7B05E7E}"
EndProject
Project("{FAE04EC0-301F-11D3-BF4B-00C04F79EFBC}") = "BlockApplication", "src\BuildingBlocks\Application\BlockApplication.csproj", "{A1BA6659-2E68-44B8-A298-E3F5D8BCB9D9}"
EndProject
Project("{2150E333-8FDC-42A3-9474-1A3956D46DE8}") = "Modules", "Modules", "{EC447DCF-ABFA-6E24-52A5-D7FD48A5C558}"
EndProject
Project("{2150E333-8FDC-42A3-9474-1A3956D46DE8}") = "Customers", "Customers", "{7AD5252A-36DB-2D73-68F8-483A9FC97FCA}"
EndProject
Project("{FAE04EC0-301F-11D3-BF4B-00C04F79EFBC}") = "Customer.Application", "src\Modules\Customers\Application\Customer.Application.csproj", "{E5251C4A-8227-401D-8269-F210210675E4}"
EndProject
Project("{FAE04EC0-301F-11D3-BF4B-00C04F79EFBC}") = "Customer.Domain", "src\Modules\Customers\Domain\Customer.Domain.csproj", "{2EF5FF4D-9235-4094-9E23-7F2DB9165A97}"
EndProject
Project("{FAE04EC0-301F-11D3-BF4B-00C04F79EFBC}") = "Customer.Infrastructure", "src\Modules\Customers\Infrastructure\Customer.Infrastructure.csproj", "{D60EB443-5D33-4EE7-AD22-E657D9460469}"
EndProject
Project("{FAE04EC0-301F-11D3-BF4B-00C04F79EFBC}") = "BlockDomain", "src\BuildingBlocks\BlockDomain\BlockDomain.csproj", "{B5CDFACA-0C28-463A-8169-329E6B76AA77}"
EndProject
Project("{FAE04EC0-301F-11D3-BF4B-00C04F79EFBC}") = "BlockInfrastructure", "src\BuildingBlocks\BlockInfrastructure\BlockInfrastructure.csproj", "{81077D76-7068-4E61-870D-468E855887E9}"
EndProject
Project("{2150E333-8FDC-42A3-9474-1A3956D46DE8}") = "Products", "Products", "{5C565D6D-56B2-913B-284D-BFD5D44658B6}"
EndProject
Project("{FAE04EC0-301F-11D3-BF4B-00C04F79EFBC}") = "Product.Application", "src\Modules\Products\Application\Product.Application.csproj", "{785C7EB5-8687-4FF8-B217-BF8C0EADC715}"
EndProject
Project("{FAE04EC0-301F-11D3-BF4B-00C04F79EFBC}") = "Product.Domain", "src\Modules\Products\Domain\Product.Domain.csproj", "{773A439D-6441-484F-B4EB-23E990DC8D23}"
EndProject
Project("{FAE04EC0-301F-11D3-BF4B-00C04F79EFBC}") = "Product.Infrastructure", "src\Modules\Products\Infrastructure\Product.Infrastructure.csproj", "{57AEF383-6CFC-44E5-9919-E6A1A2212EAD}"
EndProject
Project("{FAE04EC0-301F-11D3-BF4B-00C04F79EFBC}") = "Api", "src\Api\Api.csproj", "{773063FC-F788-48BA-88FF-7B011670DE30}"
EndProject
Project("{FAE04EC0-301F-11D3-BF4B-00C04F79EFBC}") = "Customer.Api", "src\Modules\Customers\Customer.Api\Customer.Api.csproj", "{C9E1A69C-5D0C-4620-9FE4-4D2C48F91109}"
EndProject
Project("{FAE04EC0-301F-11D3-BF4B-00C04F79EFBC}") = "Product.Api", "src\Modules\Products\Product.Api\Product.Api.csproj", "{35741EF3-76F9-4F7A-9973-7ADC55C360C1}"
EndProject
Project("{2150E333-8FDC-42A3-9474-1A3956D46DE8}") = "CloudNative", "CloudNative", "{1C1ABF7F-81EE-4111-8F20-F3C552332B89}"
EndProject
Project("{FAE04EC0-301F-11D3-BF4B-00C04F79EFBC}") = "CloudNative.AppHost", "src\CloudNative\AspireApp1\AspireApp1.AppHost\CloudNative.AppHost.csproj", "{F28B92D5-EE7E-4AD2-8743-B01DD26B34BA}"
EndProject
Project("{FAE04EC0-301F-11D3-BF4B-00C04F79EFBC}") = "CloudNative.ServiceDefaults", "src\CloudNative\AspireApp1\AspireApp1.ServiceDefaults\CloudNative.ServiceDefaults.csproj", "{43E55078-0745-1D5C-B32D-387DD5283EFD}"
EndProject
Project("{FAE04EC0-301F-11D3-BF4B-00C04F79EFBC}") = "Customer.IntegrationEvent", "src\Modules\Customers\Customer.IntegrationEvent\Customer.IntegrationEvent.csproj", "{D5655954-33B1-4C6B-AB6C-F1DC9A9CD91B}"
EndProject
Global
	GlobalSection(SolutionConfigurationPlatforms) = preSolution
		Debug|Any CPU = Debug|Any CPU
		Debug|x64 = Debug|x64
		Debug|x86 = Debug|x86
		Release|Any CPU = Release|Any CPU
		Release|x64 = Release|x64
		Release|x86 = Release|x86
	EndGlobalSection
	GlobalSection(ProjectConfigurationPlatforms) = postSolution
		{A1BA6659-2E68-44B8-A298-E3F5D8BCB9D9}.Debug|Any CPU.ActiveCfg = Debug|Any CPU
		{A1BA6659-2E68-44B8-A298-E3F5D8BCB9D9}.Debug|Any CPU.Build.0 = Debug|Any CPU
		{A1BA6659-2E68-44B8-A298-E3F5D8BCB9D9}.Debug|x64.ActiveCfg = Debug|Any CPU
		{A1BA6659-2E68-44B8-A298-E3F5D8BCB9D9}.Debug|x64.Build.0 = Debug|Any CPU
		{A1BA6659-2E68-44B8-A298-E3F5D8BCB9D9}.Debug|x86.ActiveCfg = Debug|Any CPU
		{A1BA6659-2E68-44B8-A298-E3F5D8BCB9D9}.Debug|x86.Build.0 = Debug|Any CPU
		{A1BA6659-2E68-44B8-A298-E3F5D8BCB9D9}.Release|Any CPU.ActiveCfg = Release|Any CPU
		{A1BA6659-2E68-44B8-A298-E3F5D8BCB9D9}.Release|Any CPU.Build.0 = Release|Any CPU
		{A1BA6659-2E68-44B8-A298-E3F5D8BCB9D9}.Release|x64.ActiveCfg = Release|Any CPU
		{A1BA6659-2E68-44B8-A298-E3F5D8BCB9D9}.Release|x64.Build.0 = Release|Any CPU
		{A1BA6659-2E68-44B8-A298-E3F5D8BCB9D9}.Release|x86.ActiveCfg = Release|Any CPU
		{A1BA6659-2E68-44B8-A298-E3F5D8BCB9D9}.Release|x86.Build.0 = Release|Any CPU
		{E5251C4A-8227-401D-8269-F210210675E4}.Debug|Any CPU.ActiveCfg = Debug|Any CPU
		{E5251C4A-8227-401D-8269-F210210675E4}.Debug|Any CPU.Build.0 = Debug|Any CPU
		{E5251C4A-8227-401D-8269-F210210675E4}.Debug|x64.ActiveCfg = Debug|Any CPU
		{E5251C4A-8227-401D-8269-F210210675E4}.Debug|x64.Build.0 = Debug|Any CPU
		{E5251C4A-8227-401D-8269-F210210675E4}.Debug|x86.ActiveCfg = Debug|Any CPU
		{E5251C4A-8227-401D-8269-F210210675E4}.Debug|x86.Build.0 = Debug|Any CPU
		{E5251C4A-8227-401D-8269-F210210675E4}.Release|Any CPU.ActiveCfg = Release|Any CPU
		{E5251C4A-8227-401D-8269-F210210675E4}.Release|Any CPU.Build.0 = Release|Any CPU
		{E5251C4A-8227-401D-8269-F210210675E4}.Release|x64.ActiveCfg = Release|Any CPU
		{E5251C4A-8227-401D-8269-F210210675E4}.Release|x64.Build.0 = Release|Any CPU
		{E5251C4A-8227-401D-8269-F210210675E4}.Release|x86.ActiveCfg = Release|Any CPU
		{E5251C4A-8227-401D-8269-F210210675E4}.Release|x86.Build.0 = Release|Any CPU
		{2EF5FF4D-9235-4094-9E23-7F2DB9165A97}.Debug|Any CPU.ActiveCfg = Debug|Any CPU
		{2EF5FF4D-9235-4094-9E23-7F2DB9165A97}.Debug|Any CPU.Build.0 = Debug|Any CPU
		{2EF5FF4D-9235-4094-9E23-7F2DB9165A97}.Debug|x64.ActiveCfg = Debug|Any CPU
		{2EF5FF4D-9235-4094-9E23-7F2DB9165A97}.Debug|x64.Build.0 = Debug|Any CPU
		{2EF5FF4D-9235-4094-9E23-7F2DB9165A97}.Debug|x86.ActiveCfg = Debug|Any CPU
		{2EF5FF4D-9235-4094-9E23-7F2DB9165A97}.Debug|x86.Build.0 = Debug|Any CPU
		{2EF5FF4D-9235-4094-9E23-7F2DB9165A97}.Release|Any CPU.ActiveCfg = Release|Any CPU
		{2EF5FF4D-9235-4094-9E23-7F2DB9165A97}.Release|Any CPU.Build.0 = Release|Any CPU
		{2EF5FF4D-9235-4094-9E23-7F2DB9165A97}.Release|x64.ActiveCfg = Release|Any CPU
		{2EF5FF4D-9235-4094-9E23-7F2DB9165A97}.Release|x64.Build.0 = Release|Any CPU
		{2EF5FF4D-9235-4094-9E23-7F2DB9165A97}.Release|x86.ActiveCfg = Release|Any CPU
		{2EF5FF4D-9235-4094-9E23-7F2DB9165A97}.Release|x86.Build.0 = Release|Any CPU
		{D60EB443-5D33-4EE7-AD22-E657D9460469}.Debug|Any CPU.ActiveCfg = Debug|Any CPU
		{D60EB443-5D33-4EE7-AD22-E657D9460469}.Debug|Any CPU.Build.0 = Debug|Any CPU
		{D60EB443-5D33-4EE7-AD22-E657D9460469}.Debug|x64.ActiveCfg = Debug|Any CPU
		{D60EB443-5D33-4EE7-AD22-E657D9460469}.Debug|x64.Build.0 = Debug|Any CPU
		{D60EB443-5D33-4EE7-AD22-E657D9460469}.Debug|x86.ActiveCfg = Debug|Any CPU
		{D60EB443-5D33-4EE7-AD22-E657D9460469}.Debug|x86.Build.0 = Debug|Any CPU
		{D60EB443-5D33-4EE7-AD22-E657D9460469}.Release|Any CPU.ActiveCfg = Release|Any CPU
		{D60EB443-5D33-4EE7-AD22-E657D9460469}.Release|Any CPU.Build.0 = Release|Any CPU
		{D60EB443-5D33-4EE7-AD22-E657D9460469}.Release|x64.ActiveCfg = Release|Any CPU
		{D60EB443-5D33-4EE7-AD22-E657D9460469}.Release|x64.Build.0 = Release|Any CPU
		{D60EB443-5D33-4EE7-AD22-E657D9460469}.Release|x86.ActiveCfg = Release|Any CPU
		{D60EB443-5D33-4EE7-AD22-E657D9460469}.Release|x86.Build.0 = Release|Any CPU
		{B5CDFACA-0C28-463A-8169-329E6B76AA77}.Debug|Any CPU.ActiveCfg = Debug|Any CPU
		{B5CDFACA-0C28-463A-8169-329E6B76AA77}.Debug|Any CPU.Build.0 = Debug|Any CPU
		{B5CDFACA-0C28-463A-8169-329E6B76AA77}.Debug|x64.ActiveCfg = Debug|Any CPU
		{B5CDFACA-0C28-463A-8169-329E6B76AA77}.Debug|x64.Build.0 = Debug|Any CPU
		{B5CDFACA-0C28-463A-8169-329E6B76AA77}.Debug|x86.ActiveCfg = Debug|Any CPU
		{B5CDFACA-0C28-463A-8169-329E6B76AA77}.Debug|x86.Build.0 = Debug|Any CPU
		{B5CDFACA-0C28-463A-8169-329E6B76AA77}.Release|Any CPU.ActiveCfg = Release|Any CPU
		{B5CDFACA-0C28-463A-8169-329E6B76AA77}.Release|Any CPU.Build.0 = Release|Any CPU
		{B5CDFACA-0C28-463A-8169-329E6B76AA77}.Release|x64.ActiveCfg = Release|Any CPU
		{B5CDFACA-0C28-463A-8169-329E6B76AA77}.Release|x64.Build.0 = Release|Any CPU
		{B5CDFACA-0C28-463A-8169-329E6B76AA77}.Release|x86.ActiveCfg = Release|Any CPU
		{B5CDFACA-0C28-463A-8169-329E6B76AA77}.Release|x86.Build.0 = Release|Any CPU
		{81077D76-7068-4E61-870D-468E855887E9}.Debug|Any CPU.ActiveCfg = Debug|Any CPU
		{81077D76-7068-4E61-870D-468E855887E9}.Debug|Any CPU.Build.0 = Debug|Any CPU
		{81077D76-7068-4E61-870D-468E855887E9}.Debug|x64.ActiveCfg = Debug|Any CPU
		{81077D76-7068-4E61-870D-468E855887E9}.Debug|x64.Build.0 = Debug|Any CPU
		{81077D76-7068-4E61-870D-468E855887E9}.Debug|x86.ActiveCfg = Debug|Any CPU
		{81077D76-7068-4E61-870D-468E855887E9}.Debug|x86.Build.0 = Debug|Any CPU
		{81077D76-7068-4E61-870D-468E855887E9}.Release|Any CPU.ActiveCfg = Release|Any CPU
		{81077D76-7068-4E61-870D-468E855887E9}.Release|Any CPU.Build.0 = Release|Any CPU
		{81077D76-7068-4E61-870D-468E855887E9}.Release|x64.ActiveCfg = Release|Any CPU
		{81077D76-7068-4E61-870D-468E855887E9}.Release|x64.Build.0 = Release|Any CPU
		{81077D76-7068-4E61-870D-468E855887E9}.Release|x86.ActiveCfg = Release|Any CPU
		{81077D76-7068-4E61-870D-468E855887E9}.Release|x86.Build.0 = Release|Any CPU
		{785C7EB5-8687-4FF8-B217-BF8C0EADC715}.Debug|Any CPU.ActiveCfg = Debug|Any CPU
		{785C7EB5-8687-4FF8-B217-BF8C0EADC715}.Debug|Any CPU.Build.0 = Debug|Any CPU
		{785C7EB5-8687-4FF8-B217-BF8C0EADC715}.Debug|x64.ActiveCfg = Debug|Any CPU
		{785C7EB5-8687-4FF8-B217-BF8C0EADC715}.Debug|x64.Build.0 = Debug|Any CPU
		{785C7EB5-8687-4FF8-B217-BF8C0EADC715}.Debug|x86.ActiveCfg = Debug|Any CPU
		{785C7EB5-8687-4FF8-B217-BF8C0EADC715}.Debug|x86.Build.0 = Debug|Any CPU
		{785C7EB5-8687-4FF8-B217-BF8C0EADC715}.Release|Any CPU.ActiveCfg = Release|Any CPU
		{785C7EB5-8687-4FF8-B217-BF8C0EADC715}.Release|Any CPU.Build.0 = Release|Any CPU
		{785C7EB5-8687-4FF8-B217-BF8C0EADC715}.Release|x64.ActiveCfg = Release|Any CPU
		{785C7EB5-8687-4FF8-B217-BF8C0EADC715}.Release|x64.Build.0 = Release|Any CPU
		{785C7EB5-8687-4FF8-B217-BF8C0EADC715}.Release|x86.ActiveCfg = Release|Any CPU
		{785C7EB5-8687-4FF8-B217-BF8C0EADC715}.Release|x86.Build.0 = Release|Any CPU
		{773A439D-6441-484F-B4EB-23E990DC8D23}.Debug|Any CPU.ActiveCfg = Debug|Any CPU
		{773A439D-6441-484F-B4EB-23E990DC8D23}.Debug|Any CPU.Build.0 = Debug|Any CPU
		{773A439D-6441-484F-B4EB-23E990DC8D23}.Debug|x64.ActiveCfg = Debug|Any CPU
		{773A439D-6441-484F-B4EB-23E990DC8D23}.Debug|x64.Build.0 = Debug|Any CPU
		{773A439D-6441-484F-B4EB-23E990DC8D23}.Debug|x86.ActiveCfg = Debug|Any CPU
		{773A439D-6441-484F-B4EB-23E990DC8D23}.Debug|x86.Build.0 = Debug|Any CPU
		{773A439D-6441-484F-B4EB-23E990DC8D23}.Release|Any CPU.ActiveCfg = Release|Any CPU
		{773A439D-6441-484F-B4EB-23E990DC8D23}.Release|Any CPU.Build.0 = Release|Any CPU
		{773A439D-6441-484F-B4EB-23E990DC8D23}.Release|x64.ActiveCfg = Release|Any CPU
		{773A439D-6441-484F-B4EB-23E990DC8D23}.Release|x64.Build.0 = Release|Any CPU
		{773A439D-6441-484F-B4EB-23E990DC8D23}.Release|x86.ActiveCfg = Release|Any CPU
		{773A439D-6441-484F-B4EB-23E990DC8D23}.Release|x86.Build.0 = Release|Any CPU
		{57AEF383-6CFC-44E5-9919-E6A1A2212EAD}.Debug|Any CPU.ActiveCfg = Debug|Any CPU
		{57AEF383-6CFC-44E5-9919-E6A1A2212EAD}.Debug|Any CPU.Build.0 = Debug|Any CPU
		{57AEF383-6CFC-44E5-9919-E6A1A2212EAD}.Debug|x64.ActiveCfg = Debug|Any CPU
		{57AEF383-6CFC-44E5-9919-E6A1A2212EAD}.Debug|x64.Build.0 = Debug|Any CPU
		{57AEF383-6CFC-44E5-9919-E6A1A2212EAD}.Debug|x86.ActiveCfg = Debug|Any CPU
		{57AEF383-6CFC-44E5-9919-E6A1A2212EAD}.Debug|x86.Build.0 = Debug|Any CPU
		{57AEF383-6CFC-44E5-9919-E6A1A2212EAD}.Release|Any CPU.ActiveCfg = Release|Any CPU
		{57AEF383-6CFC-44E5-9919-E6A1A2212EAD}.Release|Any CPU.Build.0 = Release|Any CPU
		{57AEF383-6CFC-44E5-9919-E6A1A2212EAD}.Release|x64.ActiveCfg = Release|Any CPU
		{57AEF383-6CFC-44E5-9919-E6A1A2212EAD}.Release|x64.Build.0 = Release|Any CPU
		{57AEF383-6CFC-44E5-9919-E6A1A2212EAD}.Release|x86.ActiveCfg = Release|Any CPU
		{57AEF383-6CFC-44E5-9919-E6A1A2212EAD}.Release|x86.Build.0 = Release|Any CPU
		{773063FC-F788-48BA-88FF-7B011670DE30}.Debug|Any CPU.ActiveCfg = Debug|Any CPU
		{773063FC-F788-48BA-88FF-7B011670DE30}.Debug|Any CPU.Build.0 = Debug|Any CPU
		{773063FC-F788-48BA-88FF-7B011670DE30}.Debug|x64.ActiveCfg = Debug|Any CPU
		{773063FC-F788-48BA-88FF-7B011670DE30}.Debug|x64.Build.0 = Debug|Any CPU
		{773063FC-F788-48BA-88FF-7B011670DE30}.Debug|x86.ActiveCfg = Debug|Any CPU
		{773063FC-F788-48BA-88FF-7B011670DE30}.Debug|x86.Build.0 = Debug|Any CPU
		{773063FC-F788-48BA-88FF-7B011670DE30}.Release|Any CPU.ActiveCfg = Release|Any CPU
		{773063FC-F788-48BA-88FF-7B011670DE30}.Release|Any CPU.Build.0 = Release|Any CPU
		{773063FC-F788-48BA-88FF-7B011670DE30}.Release|x64.ActiveCfg = Release|Any CPU
		{773063FC-F788-48BA-88FF-7B011670DE30}.Release|x64.Build.0 = Release|Any CPU
		{773063FC-F788-48BA-88FF-7B011670DE30}.Release|x86.ActiveCfg = Release|Any CPU
		{773063FC-F788-48BA-88FF-7B011670DE30}.Release|x86.Build.0 = Release|Any CPU
		{C9E1A69C-5D0C-4620-9FE4-4D2C48F91109}.Debug|Any CPU.ActiveCfg = Debug|Any CPU
		{C9E1A69C-5D0C-4620-9FE4-4D2C48F91109}.Debug|Any CPU.Build.0 = Debug|Any CPU
		{C9E1A69C-5D0C-4620-9FE4-4D2C48F91109}.Debug|x64.ActiveCfg = Debug|Any CPU
		{C9E1A69C-5D0C-4620-9FE4-4D2C48F91109}.Debug|x64.Build.0 = Debug|Any CPU
		{C9E1A69C-5D0C-4620-9FE4-4D2C48F91109}.Debug|x86.ActiveCfg = Debug|Any CPU
		{C9E1A69C-5D0C-4620-9FE4-4D2C48F91109}.Debug|x86.Build.0 = Debug|Any CPU
		{C9E1A69C-5D0C-4620-9FE4-4D2C48F91109}.Release|Any CPU.ActiveCfg = Release|Any CPU
		{C9E1A69C-5D0C-4620-9FE4-4D2C48F91109}.Release|Any CPU.Build.0 = Release|Any CPU
		{C9E1A69C-5D0C-4620-9FE4-4D2C48F91109}.Release|x64.ActiveCfg = Release|Any CPU
		{C9E1A69C-5D0C-4620-9FE4-4D2C48F91109}.Release|x64.Build.0 = Release|Any CPU
		{C9E1A69C-5D0C-4620-9FE4-4D2C48F91109}.Release|x86.ActiveCfg = Release|Any CPU
		{C9E1A69C-5D0C-4620-9FE4-4D2C48F91109}.Release|x86.Build.0 = Release|Any CPU
		{35741EF3-76F9-4F7A-9973-7ADC55C360C1}.Debug|Any CPU.ActiveCfg = Debug|Any CPU
		{35741EF3-76F9-4F7A-9973-7ADC55C360C1}.Debug|Any CPU.Build.0 = Debug|Any CPU
		{35741EF3-76F9-4F7A-9973-7ADC55C360C1}.Debug|x64.ActiveCfg = Debug|Any CPU
		{35741EF3-76F9-4F7A-9973-7ADC55C360C1}.Debug|x64.Build.0 = Debug|Any CPU
		{35741EF3-76F9-4F7A-9973-7ADC55C360C1}.Debug|x86.ActiveCfg = Debug|Any CPU
		{35741EF3-76F9-4F7A-9973-7ADC55C360C1}.Debug|x86.Build.0 = Debug|Any CPU
		{35741EF3-76F9-4F7A-9973-7ADC55C360C1}.Release|Any CPU.ActiveCfg = Release|Any CPU
		{35741EF3-76F9-4F7A-9973-7ADC55C360C1}.Release|Any CPU.Build.0 = Release|Any CPU
		{35741EF3-76F9-4F7A-9973-7ADC55C360C1}.Release|x64.ActiveCfg = Release|Any CPU
		{35741EF3-76F9-4F7A-9973-7ADC55C360C1}.Release|x64.Build.0 = Release|Any CPU
		{35741EF3-76F9-4F7A-9973-7ADC55C360C1}.Release|x86.ActiveCfg = Release|Any CPU
		{35741EF3-76F9-4F7A-9973-7ADC55C360C1}.Release|x86.Build.0 = Release|Any CPU
		{F28B92D5-EE7E-4AD2-8743-B01DD26B34BA}.Debug|Any CPU.ActiveCfg = Debug|Any CPU
		{F28B92D5-EE7E-4AD2-8743-B01DD26B34BA}.Debug|Any CPU.Build.0 = Debug|Any CPU
		{F28B92D5-EE7E-4AD2-8743-B01DD26B34BA}.Debug|x64.ActiveCfg = Debug|Any CPU
		{F28B92D5-EE7E-4AD2-8743-B01DD26B34BA}.Debug|x64.Build.0 = Debug|Any CPU
		{F28B92D5-EE7E-4AD2-8743-B01DD26B34BA}.Debug|x86.ActiveCfg = Debug|Any CPU
		{F28B92D5-EE7E-4AD2-8743-B01DD26B34BA}.Debug|x86.Build.0 = Debug|Any CPU
		{F28B92D5-EE7E-4AD2-8743-B01DD26B34BA}.Release|Any CPU.ActiveCfg = Release|Any CPU
		{F28B92D5-EE7E-4AD2-8743-B01DD26B34BA}.Release|Any CPU.Build.0 = Release|Any CPU
		{F28B92D5-EE7E-4AD2-8743-B01DD26B34BA}.Release|x64.ActiveCfg = Release|Any CPU
		{F28B92D5-EE7E-4AD2-8743-B01DD26B34BA}.Release|x64.Build.0 = Release|Any CPU
		{F28B92D5-EE7E-4AD2-8743-B01DD26B34BA}.Release|x86.ActiveCfg = Release|Any CPU
		{F28B92D5-EE7E-4AD2-8743-B01DD26B34BA}.Release|x86.Build.0 = Release|Any CPU
		{43E55078-0745-1D5C-B32D-387DD5283EFD}.Debug|Any CPU.ActiveCfg = Debug|Any CPU
		{43E55078-0745-1D5C-B32D-387DD5283EFD}.Debug|Any CPU.Build.0 = Debug|Any CPU
		{43E55078-0745-1D5C-B32D-387DD5283EFD}.Debug|x64.ActiveCfg = Debug|Any CPU
		{43E55078-0745-1D5C-B32D-387DD5283EFD}.Debug|x64.Build.0 = Debug|Any CPU
		{43E55078-0745-1D5C-B32D-387DD5283EFD}.Debug|x86.ActiveCfg = Debug|Any CPU
		{43E55078-0745-1D5C-B32D-387DD5283EFD}.Debug|x86.Build.0 = Debug|Any CPU
		{43E55078-0745-1D5C-B32D-387DD5283EFD}.Release|Any CPU.ActiveCfg = Release|Any CPU
		{43E55078-0745-1D5C-B32D-387DD5283EFD}.Release|Any CPU.Build.0 = Release|Any CPU
		{43E55078-0745-1D5C-B32D-387DD5283EFD}.Release|x64.ActiveCfg = Release|Any CPU
		{43E55078-0745-1D5C-B32D-387DD5283EFD}.Release|x64.Build.0 = Release|Any CPU
		{43E55078-0745-1D5C-B32D-387DD5283EFD}.Release|x86.ActiveCfg = Release|Any CPU
		{43E55078-0745-1D5C-B32D-387DD5283EFD}.Release|x86.Build.0 = Release|Any CPU
		{D5655954-33B1-4C6B-AB6C-F1DC9A9CD91B}.Debug|Any CPU.ActiveCfg = Debug|Any CPU
		{D5655954-33B1-4C6B-AB6C-F1DC9A9CD91B}.Debug|Any CPU.Build.0 = Debug|Any CPU
		{D5655954-33B1-4C6B-AB6C-F1DC9A9CD91B}.Debug|x64.ActiveCfg = Debug|Any CPU
		{D5655954-33B1-4C6B-AB6C-F1DC9A9CD91B}.Debug|x64.Build.0 = Debug|Any CPU
		{D5655954-33B1-4C6B-AB6C-F1DC9A9CD91B}.Debug|x86.ActiveCfg = Debug|Any CPU
		{D5655954-33B1-4C6B-AB6C-F1DC9A9CD91B}.Debug|x86.Build.0 = Debug|Any CPU
		{D5655954-33B1-4C6B-AB6C-F1DC9A9CD91B}.Release|Any CPU.ActiveCfg = Release|Any CPU
		{D5655954-33B1-4C6B-AB6C-F1DC9A9CD91B}.Release|Any CPU.Build.0 = Release|Any CPU
		{D5655954-33B1-4C6B-AB6C-F1DC9A9CD91B}.Release|x64.ActiveCfg = Release|Any CPU
		{D5655954-33B1-4C6B-AB6C-F1DC9A9CD91B}.Release|x64.Build.0 = Release|Any CPU
		{D5655954-33B1-4C6B-AB6C-F1DC9A9CD91B}.Release|x86.ActiveCfg = Release|Any CPU
		{D5655954-33B1-4C6B-AB6C-F1DC9A9CD91B}.Release|x86.Build.0 = Release|Any CPU
	EndGlobalSection
	GlobalSection(SolutionProperties) = preSolution
		HideSolutionNode = FALSE
	EndGlobalSection
	GlobalSection(NestedProjects) = preSolution
		{90298CBA-BD6F-3A0A-69D5-97CAD7B05E7E} = {827E0CD3-B72D-47B6-A68D-7590B98EB39B}
		{A1BA6659-2E68-44B8-A298-E3F5D8BCB9D9} = {90298CBA-BD6F-3A0A-69D5-97CAD7B05E7E}
		{EC447DCF-ABFA-6E24-52A5-D7FD48A5C558} = {827E0CD3-B72D-47B6-A68D-7590B98EB39B}
		{7AD5252A-36DB-2D73-68F8-483A9FC97FCA} = {EC447DCF-ABFA-6E24-52A5-D7FD48A5C558}
		{E5251C4A-8227-401D-8269-F210210675E4} = {7AD5252A-36DB-2D73-68F8-483A9FC97FCA}
		{2EF5FF4D-9235-4094-9E23-7F2DB9165A97} = {7AD5252A-36DB-2D73-68F8-483A9FC97FCA}
		{D60EB443-5D33-4EE7-AD22-E657D9460469} = {7AD5252A-36DB-2D73-68F8-483A9FC97FCA}
		{B5CDFACA-0C28-463A-8169-329E6B76AA77} = {90298CBA-BD6F-3A0A-69D5-97CAD7B05E7E}
		{81077D76-7068-4E61-870D-468E855887E9} = {90298CBA-BD6F-3A0A-69D5-97CAD7B05E7E}
		{5C565D6D-56B2-913B-284D-BFD5D44658B6} = {EC447DCF-ABFA-6E24-52A5-D7FD48A5C558}
		{785C7EB5-8687-4FF8-B217-BF8C0EADC715} = {5C565D6D-56B2-913B-284D-BFD5D44658B6}
		{773A439D-6441-484F-B4EB-23E990DC8D23} = {5C565D6D-56B2-913B-284D-BFD5D44658B6}
		{57AEF383-6CFC-44E5-9919-E6A1A2212EAD} = {5C565D6D-56B2-913B-284D-BFD5D44658B6}
		{773063FC-F788-48BA-88FF-7B011670DE30} = {827E0CD3-B72D-47B6-A68D-7590B98EB39B}
		{C9E1A69C-5D0C-4620-9FE4-4D2C48F91109} = {7AD5252A-36DB-2D73-68F8-483A9FC97FCA}
		{35741EF3-76F9-4F7A-9973-7ADC55C360C1} = {5C565D6D-56B2-913B-284D-BFD5D44658B6}
		{1C1ABF7F-81EE-4111-8F20-F3C552332B89} = {827E0CD3-B72D-47B6-A68D-7590B98EB39B}
		{F28B92D5-EE7E-4AD2-8743-B01DD26B34BA} = {1C1ABF7F-81EE-4111-8F20-F3C552332B89}
		{43E55078-0745-1D5C-B32D-387DD5283EFD} = {1C1ABF7F-81EE-4111-8F20-F3C552332B89}
		{D5655954-33B1-4C6B-AB6C-F1DC9A9CD91B} = {7AD5252A-36DB-2D73-68F8-483A9FC97FCA}
	EndGlobalSection
	GlobalSection(ExtensibilityGlobals) = postSolution
		SolutionGuid = {DB56E164-0479-4745-86F3-1395837FF4F1}
	EndGlobalSection
EndGlobal
